
Microsoft Visual Studio Solution File, Format Version 12.00
# Visual Studio Version 16
VisualStudioVersion = 16.0.30517.126
MinimumVisualStudioVersion = 10.0.40219.1
Project("{8BC9CEB8-8B4A-11D0-8D11-00A0C91BC942}") = "ConsoleApplication1", "ConsoleApplication1\ConsoleApplication1.vcxproj", "{BBF0242B-F18A-4B4D-B4AE-AE88C3D19FB7}"
EndProject
Project("{8BC9CEB8-8B4A-11D0-8D11-00A0C91BC942}") = "02_getting_an_image_on_the_screen", "02_getting_an_image_on_the_screen\02_getting_an_image_on_the_screen.vcxproj", "{3FAA3566-F2EC-4505-9E99-8C23D5A03DE0}"
EndProject
Project("{8BC9CEB8-8B4A-11D0-8D11-00A0C91BC942}") = "03_event_driven_programming", "03_event_driven_programming\03_event_driven_programming.vcxproj", "{BFADB393-5651-4F10-8059-41819B6B6168}"
EndProject
Project("{8BC9CEB8-8B4A-11D0-8D11-00A0C91BC942}") = "04_key_presses", "04_key_presses\04_key_presses.vcxproj", "{0427993A-4D7D-4C54-A564-CB9B5635E725}"
EndProject
Project("{8BC9CEB8-8B4A-11D0-8D11-00A0C91BC942}") = "05_optimized_surface_loading_and_soft_stretching", "05_optimized_surface_loading_and_soft_stretching\05_optimized_surface_loading_and_soft_stretching.vcxproj", "{173F0336-49DA-4D57-8365-FA51A16CFC9F}"
EndProject
Project("{8BC9CEB8-8B4A-11D0-8D11-00A0C91BC942}") = "06_extension_libraries_and_loading_other_image_formats", "06_extension_libraries_and_loading_other_image_formats\06_extension_libraries_and_loading_other_image_formats.vcxproj", "{731D1E2B-7CF2-4E18-833B-5E708837367F}"
EndProject
Project("{8BC9CEB8-8B4A-11D0-8D11-00A0C91BC942}") = "07_texture_loading_and_rendering", "07_texture_loading_and_rendering\07_texture_loading_and_rendering.vcxproj", "{982CE78A-A337-4F7E-BCB5-EDF45B6F4C8B}"
EndProject
Project("{8BC9CEB8-8B4A-11D0-8D11-00A0C91BC942}") = "08_geometry_rendering", "08_geometry_rendering\08_geometry_rendering.vcxproj", "{0094C404-1303-4829-98E1-4DE06F57D0AA}"
EndProject
Project("{8BC9CEB8-8B4A-11D0-8D11-00A0C91BC942}") = "09_the_viewport", "09_the_viewport\09_the_viewport.vcxproj", "{E60F6B2F-B876-4166-A664-2EE6EB68A57A}"
EndProject
Project("{8BC9CEB8-8B4A-11D0-8D11-00A0C91BC942}") = "10_color_keying", "10_color_keying\10_color_keying.vcxproj", "{0CE0B69A-B970-462B-A644-1CC3B0AA28C7}"
EndProject
Project("{8BC9CEB8-8B4A-11D0-8D11-00A0C91BC942}") = "11_clip_rendering_and_sprite_sheets", "11_clip_rendering_and_sprite_sheets\11_clip_rendering_and_sprite_sheets.vcxproj", "{581FD5B8-39B0-4E09-9590-EE8E01E62C83}"
EndProject
Project("{8BC9CEB8-8B4A-11D0-8D11-00A0C91BC942}") = "12_color_modulation", "12_color_modulation\12_color_modulation.vcxproj", "{3ED0EE71-EC63-4717-891E-F7F99FBAEAC0}"
EndProject
Project("{8BC9CEB8-8B4A-11D0-8D11-00A0C91BC942}") = "14_animated_sprites_and_vsync", "14_animated_sprites_and_vsync\14_animated_sprites_and_vsync.vcxproj", "{D6031FEE-1CB3-471E-8A0B-F77639A414B8}"
EndProject
Project("{8BC9CEB8-8B4A-11D0-8D11-00A0C91BC942}") = "16_true_type_fonts", "16_true_type_fonts\16_true_type_fonts.vcxproj", "{8F1A63C5-693E-4AB9-9359-8C977570F1F6}"
EndProject
Project("{8BC9CEB8-8B4A-11D0-8D11-00A0C91BC942}") = "21_sound_effects_and_music", "21_sound_effects_and_music\21_sound_effects_and_music.vcxproj", "{86959E41-6E42-4A71-9AA5-E67661BC088A}"
EndProject
Project("{8BC9CEB8-8B4A-11D0-8D11-00A0C91BC942}") = "22_timing", "22_timing\22_timing.vcxproj", "{0FE0E530-7D6E-48F9-AD50-20B8B95D4EE3}"
EndProject
Global
	GlobalSection(SolutionConfigurationPlatforms) = preSolution
		Debug|x64 = Debug|x64
		Debug|x86 = Debug|x86
		Release|x64 = Release|x64
		Release|x86 = Release|x86
	EndGlobalSection
	GlobalSection(ProjectConfigurationPlatforms) = postSolution
		{BBF0242B-F18A-4B4D-B4AE-AE88C3D19FB7}.Debug|x64.ActiveCfg = Debug|x64
		{BBF0242B-F18A-4B4D-B4AE-AE88C3D19FB7}.Debug|x64.Build.0 = Debug|x64
		{BBF0242B-F18A-4B4D-B4AE-AE88C3D19FB7}.Debug|x86.ActiveCfg = Debug|Win32
		{BBF0242B-F18A-4B4D-B4AE-AE88C3D19FB7}.Debug|x86.Build.0 = Debug|Win32
		{BBF0242B-F18A-4B4D-B4AE-AE88C3D19FB7}.Release|x64.ActiveCfg = Release|x64
		{BBF0242B-F18A-4B4D-B4AE-AE88C3D19FB7}.Release|x64.Build.0 = Release|x64
		{BBF0242B-F18A-4B4D-B4AE-AE88C3D19FB7}.Release|x86.ActiveCfg = Release|Win32
		{BBF0242B-F18A-4B4D-B4AE-AE88C3D19FB7}.Release|x86.Build.0 = Release|Win32
		{3FAA3566-F2EC-4505-9E99-8C23D5A03DE0}.Debug|x64.ActiveCfg = Debug|x64
		{3FAA3566-F2EC-4505-9E99-8C23D5A03DE0}.Debug|x64.Build.0 = Debug|x64
		{3FAA3566-F2EC-4505-9E99-8C23D5A03DE0}.Debug|x86.ActiveCfg = Debug|Win32
		{3FAA3566-F2EC-4505-9E99-8C23D5A03DE0}.Debug|x86.Build.0 = Debug|Win32
		{3FAA3566-F2EC-4505-9E99-8C23D5A03DE0}.Release|x64.ActiveCfg = Release|x64
		{3FAA3566-F2EC-4505-9E99-8C23D5A03DE0}.Release|x64.Build.0 = Release|x64
		{3FAA3566-F2EC-4505-9E99-8C23D5A03DE0}.Release|x86.ActiveCfg = Release|Win32
		{3FAA3566-F2EC-4505-9E99-8C23D5A03DE0}.Release|x86.Build.0 = Release|Win32
		{BFADB393-5651-4F10-8059-41819B6B6168}.Debug|x64.ActiveCfg = Debug|x64
		{BFADB393-5651-4F10-8059-41819B6B6168}.Debug|x64.Build.0 = Debug|x64
		{BFADB393-5651-4F10-8059-41819B6B6168}.Debug|x86.ActiveCfg = Debug|Win32
		{BFADB393-5651-4F10-8059-41819B6B6168}.Debug|x86.Build.0 = Debug|Win32
		{BFADB393-5651-4F10-8059-41819B6B6168}.Release|x64.ActiveCfg = Release|x64
		{BFADB393-5651-4F10-8059-41819B6B6168}.Release|x64.Build.0 = Release|x64
		{BFADB393-5651-4F10-8059-41819B6B6168}.Release|x86.ActiveCfg = Release|Win32
		{BFADB393-5651-4F10-8059-41819B6B6168}.Release|x86.Build.0 = Release|Win32
		{0427993A-4D7D-4C54-A564-CB9B5635E725}.Debug|x64.ActiveCfg = Debug|x64
		{0427993A-4D7D-4C54-A564-CB9B5635E725}.Debug|x64.Build.0 = Debug|x64
		{0427993A-4D7D-4C54-A564-CB9B5635E725}.Debug|x86.ActiveCfg = Debug|Win32
		{0427993A-4D7D-4C54-A564-CB9B5635E725}.Debug|x86.Build.0 = Debug|Win32
		{0427993A-4D7D-4C54-A564-CB9B5635E725}.Release|x64.ActiveCfg = Release|x64
		{0427993A-4D7D-4C54-A564-CB9B5635E725}.Release|x64.Build.0 = Release|x64
		{0427993A-4D7D-4C54-A564-CB9B5635E725}.Release|x86.ActiveCfg = Release|Win32
		{0427993A-4D7D-4C54-A564-CB9B5635E725}.Release|x86.Build.0 = Release|Win32
		{173F0336-49DA-4D57-8365-FA51A16CFC9F}.Debug|x64.ActiveCfg = Debug|x64
		{173F0336-49DA-4D57-8365-FA51A16CFC9F}.Debug|x64.Build.0 = Debug|x64
		{173F0336-49DA-4D57-8365-FA51A16CFC9F}.Debug|x86.ActiveCfg = Debug|Win32
		{173F0336-49DA-4D57-8365-FA51A16CFC9F}.Debug|x86.Build.0 = Debug|Win32
		{173F0336-49DA-4D57-8365-FA51A16CFC9F}.Release|x64.ActiveCfg = Release|x64
		{173F0336-49DA-4D57-8365-FA51A16CFC9F}.Release|x64.Build.0 = Release|x64
		{173F0336-49DA-4D57-8365-FA51A16CFC9F}.Release|x86.ActiveCfg = Release|Win32
		{173F0336-49DA-4D57-8365-FA51A16CFC9F}.Release|x86.Build.0 = Release|Win32
		{731D1E2B-7CF2-4E18-833B-5E708837367F}.Debug|x64.ActiveCfg = Debug|x64
		{731D1E2B-7CF2-4E18-833B-5E708837367F}.Debug|x64.Build.0 = Debug|x64
		{731D1E2B-7CF2-4E18-833B-5E708837367F}.Debug|x86.ActiveCfg = Debug|Win32
		{731D1E2B-7CF2-4E18-833B-5E708837367F}.Debug|x86.Build.0 = Debug|Win32
		{731D1E2B-7CF2-4E18-833B-5E708837367F}.Release|x64.ActiveCfg = Release|x64
		{731D1E2B-7CF2-4E18-833B-5E708837367F}.Release|x64.Build.0 = Release|x64
		{731D1E2B-7CF2-4E18-833B-5E708837367F}.Release|x86.ActiveCfg = Release|Win32
		{731D1E2B-7CF2-4E18-833B-5E708837367F}.Release|x86.Build.0 = Release|Win32
		{982CE78A-A337-4F7E-BCB5-EDF45B6F4C8B}.Debug|x64.ActiveCfg = Debug|x64
		{982CE78A-A337-4F7E-BCB5-EDF45B6F4C8B}.Debug|x64.Build.0 = Debug|x64
		{982CE78A-A337-4F7E-BCB5-EDF45B6F4C8B}.Debug|x86.ActiveCfg = Debug|Win32
		{982CE78A-A337-4F7E-BCB5-EDF45B6F4C8B}.Debug|x86.Build.0 = Debug|Win32
		{982CE78A-A337-4F7E-BCB5-EDF45B6F4C8B}.Release|x64.ActiveCfg = Release|x64
		{982CE78A-A337-4F7E-BCB5-EDF45B6F4C8B}.Release|x64.Build.0 = Release|x64
		{982CE78A-A337-4F7E-BCB5-EDF45B6F4C8B}.Release|x86.ActiveCfg = Release|Win32
		{982CE78A-A337-4F7E-BCB5-EDF45B6F4C8B}.Release|x86.Build.0 = Release|Win32
		{0094C404-1303-4829-98E1-4DE06F57D0AA}.Debug|x64.ActiveCfg = Debug|x64
		{0094C404-1303-4829-98E1-4DE06F57D0AA}.Debug|x64.Build.0 = Debug|x64
		{0094C404-1303-4829-98E1-4DE06F57D0AA}.Debug|x86.ActiveCfg = Debug|Win32
		{0094C404-1303-4829-98E1-4DE06F57D0AA}.Debug|x86.Build.0 = Debug|Win32
		{0094C404-1303-4829-98E1-4DE06F57D0AA}.Release|x64.ActiveCfg = Release|x64
		{0094C404-1303-4829-98E1-4DE06F57D0AA}.Release|x64.Build.0 = Release|x64
		{0094C404-1303-4829-98E1-4DE06F57D0AA}.Release|x86.ActiveCfg = Release|Win32
		{0094C404-1303-4829-98E1-4DE06F57D0AA}.Release|x86.Build.0 = Release|Win32
		{E60F6B2F-B876-4166-A664-2EE6EB68A57A}.Debug|x64.ActiveCfg = Debug|x64
		{E60F6B2F-B876-4166-A664-2EE6EB68A57A}.Debug|x64.Build.0 = Debug|x64
		{E60F6B2F-B876-4166-A664-2EE6EB68A57A}.Debug|x86.ActiveCfg = Debug|Win32
		{E60F6B2F-B876-4166-A664-2EE6EB68A57A}.Debug|x86.Build.0 = Debug|Win32
		{E60F6B2F-B876-4166-A664-2EE6EB68A57A}.Release|x64.ActiveCfg = Release|x64
		{E60F6B2F-B876-4166-A664-2EE6EB68A57A}.Release|x64.Build.0 = Release|x64
		{E60F6B2F-B876-4166-A664-2EE6EB68A57A}.Release|x86.ActiveCfg = Release|Win32
		{E60F6B2F-B876-4166-A664-2EE6EB68A57A}.Release|x86.Build.0 = Release|Win32
		{0CE0B69A-B970-462B-A644-1CC3B0AA28C7}.Debug|x64.ActiveCfg = Debug|x64
		{0CE0B69A-B970-462B-A644-1CC3B0AA28C7}.Debug|x64.Build.0 = Debug|x64
		{0CE0B69A-B970-462B-A644-1CC3B0AA28C7}.Debug|x86.ActiveCfg = Debug|Win32
		{0CE0B69A-B970-462B-A644-1CC3B0AA28C7}.Debug|x86.Build.0 = Debug|Win32
		{0CE0B69A-B970-462B-A644-1CC3B0AA28C7}.Release|x64.ActiveCfg = Release|x64
		{0CE0B69A-B970-462B-A644-1CC3B0AA28C7}.Release|x64.Build.0 = Release|x64
		{0CE0B69A-B970-462B-A644-1CC3B0AA28C7}.Release|x86.ActiveCfg = Release|Win32
		{0CE0B69A-B970-462B-A644-1CC3B0AA28C7}.Release|x86.Build.0 = Release|Win32
		{581FD5B8-39B0-4E09-9590-EE8E01E62C83}.Debug|x64.ActiveCfg = Debug|x64
		{581FD5B8-39B0-4E09-9590-EE8E01E62C83}.Debug|x64.Build.0 = Debug|x64
		{581FD5B8-39B0-4E09-9590-EE8E01E62C83}.Debug|x86.ActiveCfg = Debug|Win32
		{581FD5B8-39B0-4E09-9590-EE8E01E62C83}.Debug|x86.Build.0 = Debug|Win32
		{581FD5B8-39B0-4E09-9590-EE8E01E62C83}.Release|x64.ActiveCfg = Release|x64
		{581FD5B8-39B0-4E09-9590-EE8E01E62C83}.Release|x64.Build.0 = Release|x64
		{581FD5B8-39B0-4E09-9590-EE8E01E62C83}.Release|x86.ActiveCfg = Release|Win32
		{581FD5B8-39B0-4E09-9590-EE8E01E62C83}.Release|x86.Build.0 = Release|Win32
		{3ED0EE71-EC63-4717-891E-F7F99FBAEAC0}.Debug|x64.ActiveCfg = Debug|x64
		{3ED0EE71-EC63-4717-891E-F7F99FBAEAC0}.Debug|x64.Build.0 = Debug|x64
		{3ED0EE71-EC63-4717-891E-F7F99FBAEAC0}.Debug|x86.ActiveCfg = Debug|Win32
		{3ED0EE71-EC63-4717-891E-F7F99FBAEAC0}.Debug|x86.Build.0 = Debug|Win32
		{3ED0EE71-EC63-4717-891E-F7F99FBAEAC0}.Release|x64.ActiveCfg = Release|x64
		{3ED0EE71-EC63-4717-891E-F7F99FBAEAC0}.Release|x64.Build.0 = Release|x64
		{3ED0EE71-EC63-4717-891E-F7F99FBAEAC0}.Release|x86.ActiveCfg = Release|Win32
		{3ED0EE71-EC63-4717-891E-F7F99FBAEAC0}.Release|x86.Build.0 = Release|Win32
		{D6031FEE-1CB3-471E-8A0B-F77639A414B8}.Debug|x64.ActiveCfg = Debug|x64
		{D6031FEE-1CB3-471E-8A0B-F77639A414B8}.Debug|x64.Build.0 = Debug|x64
		{D6031FEE-1CB3-471E-8A0B-F77639A414B8}.Debug|x86.ActiveCfg = Debug|Win32
		{D6031FEE-1CB3-471E-8A0B-F77639A414B8}.Debug|x86.Build.0 = Debug|Win32
		{D6031FEE-1CB3-471E-8A0B-F77639A414B8}.Release|x64.ActiveCfg = Release|x64
		{D6031FEE-1CB3-471E-8A0B-F77639A414B8}.Release|x64.Build.0 = Release|x64
		{D6031FEE-1CB3-471E-8A0B-F77639A414B8}.Release|x86.ActiveCfg = Release|Win32
		{D6031FEE-1CB3-471E-8A0B-F77639A414B8}.Release|x86.Build.0 = Release|Win32
		{8F1A63C5-693E-4AB9-9359-8C977570F1F6}.Debug|x64.ActiveCfg = Debug|x64
		{8F1A63C5-693E-4AB9-9359-8C977570F1F6}.Debug|x64.Build.0 = Debug|x64
		{8F1A63C5-693E-4AB9-9359-8C977570F1F6}.Debug|x86.ActiveCfg = Debug|Win32
		{8F1A63C5-693E-4AB9-9359-8C977570F1F6}.Debug|x86.Build.0 = Debug|Win32
		{8F1A63C5-693E-4AB9-9359-8C977570F1F6}.Release|x64.ActiveCfg = Release|x64
		{8F1A63C5-693E-4AB9-9359-8C977570F1F6}.Release|x64.Build.0 = Release|x64
		{8F1A63C5-693E-4AB9-9359-8C977570F1F6}.Release|x86.ActiveCfg = Release|Win32
		{8F1A63C5-693E-4AB9-9359-8C977570F1F6}.Release|x86.Build.0 = Release|Win32
		{86959E41-6E42-4A71-9AA5-E67661BC088A}.Debug|x64.ActiveCfg = Debug|x64
		{86959E41-6E42-4A71-9AA5-E67661BC088A}.Debug|x64.Build.0 = Debug|x64
		{86959E41-6E42-4A71-9AA5-E67661BC088A}.Debug|x86.ActiveCfg = Debug|Win32
		{86959E41-6E42-4A71-9AA5-E67661BC088A}.Debug|x86.Build.0 = Debug|Win32
		{86959E41-6E42-4A71-9AA5-E67661BC088A}.Release|x64.ActiveCfg = Release|x64
		{86959E41-6E42-4A71-9AA5-E67661BC088A}.Release|x64.Build.0 = Release|x64
		{86959E41-6E42-4A71-9AA5-E67661BC088A}.Release|x86.ActiveCfg = Release|Win32
		{86959E41-6E42-4A71-9AA5-E67661BC088A}.Release|x86.Build.0 = Release|Win32
		{0FE0E530-7D6E-48F9-AD50-20B8B95D4EE3}.Debug|x64.ActiveCfg = Debug|x64
		{0FE0E530-7D6E-48F9-AD50-20B8B95D4EE3}.Debug|x64.Build.0 = Debug|x64
		{0FE0E530-7D6E-48F9-AD50-20B8B95D4EE3}.Debug|x86.ActiveCfg = Debug|Win32
		{0FE0E530-7D6E-48F9-AD50-20B8B95D4EE3}.Debug|x86.Build.0 = Debug|Win32
		{0FE0E530-7D6E-48F9-AD50-20B8B95D4EE3}.Release|x64.ActiveCfg = Release|x64
		{0FE0E530-7D6E-48F9-AD50-20B8B95D4EE3}.Release|x64.Build.0 = Release|x64
		{0FE0E530-7D6E-48F9-AD50-20B8B95D4EE3}.Release|x86.ActiveCfg = Release|Win32
		{0FE0E530-7D6E-48F9-AD50-20B8B95D4EE3}.Release|x86.Build.0 = Release|Win32
	EndGlobalSection
	GlobalSection(SolutionProperties) = preSolution
		HideSolutionNode = FALSE
	EndGlobalSection
	GlobalSection(ExtensibilityGlobals) = postSolution
		SolutionGuid = {59ECC384-180A-4017-9318-9FA749D00D00}
	EndGlobalSection
EndGlobal
